// !$*UTF8*$!
{
	archiveVersion = 1;
	classes = {
	};
	objectVersion = 46;
	objects = {

/* Begin PBXBuildFile section */
		A394EDF71AF4E21B00698AC4 /* AppDelegate.swift in Sources */ = {isa = PBXBuildFile; fileRef = A394EDF61AF4E21B00698AC4 /* AppDelegate.swift */; };
		A394EDF91AF4E21B00698AC4 /* ViewController.swift in Sources */ = {isa = PBXBuildFile; fileRef = A394EDF81AF4E21B00698AC4 /* ViewController.swift */; };
		A394EDFC1AF4E21B00698AC4 /* Main.storyboard in Resources */ = {isa = PBXBuildFile; fileRef = A394EDFA1AF4E21B00698AC4 /* Main.storyboard */; };
		A394EDFE1AF4E21B00698AC4 /* Images.xcassets in Resources */ = {isa = PBXBuildFile; fileRef = A394EDFD1AF4E21B00698AC4 /* Images.xcassets */; };
		A394EE011AF4E21B00698AC4 /* LaunchScreen.xib in Resources */ = {isa = PBXBuildFile; fileRef = A394EDFF1AF4E21B00698AC4 /* LaunchScreen.xib */; };
		A394EE0D1AF4E21B00698AC4 /* CatSnapzTests.swift in Sources */ = {isa = PBXBuildFile; fileRef = A394EE0C1AF4E21B00698AC4 /* CatSnapzTests.swift */; };
/* End PBXBuildFile section */

/* Begin PBXContainerItemProxy section */
		A394EE071AF4E21B00698AC4 /* PBXContainerItemProxy */ = {
			isa = PBXContainerItemProxy;
			containerPortal = A394EDE91AF4E21B00698AC4 /* Project object */;
			proxyType = 1;
			remoteGlobalIDString = A394EDF01AF4E21B00698AC4;
			remoteInfo = CatSnapz;
		};
/* End PBXContainerItemProxy section */

/* Begin PBXFileReference section */
		A394EDF11AF4E21B00698AC4 /* CatSnapz.app */ = {isa = PBXFileReference; explicitFileType = wrapper.application; includeInIndex = 0; path = CatSnapz.app; sourceTree = BUILT_PRODUCTS_DIR; };
		A394EDF51AF4E21B00698AC4 /* Info.plist */ = {isa = PBXFileReference; lastKnownFileType = text.plist.xml; path = Info.plist; sourceTree = "<group>"; };
		A394EDF61AF4E21B00698AC4 /* AppDelegate.swift */ = {isa = PBXFileReference; lastKnownFileType = sourcecode.swift; path = AppDelegate.swift; sourceTree = "<group>"; };
		A394EDF81AF4E21B00698AC4 /* ViewController.swift */ = {isa = PBXFileReference; lastKnownFileType = sourcecode.swift; path = ViewController.swift; sourceTree = "<group>"; };
		A394EDFB1AF4E21B00698AC4 /* Base */ = {isa = PBXFileReference; lastKnownFileType = file.storyboard; name = Base; path = Base.lproj/Main.storyboard; sourceTree = "<group>"; };
		A394EDFD1AF4E21B00698AC4 /* Images.xcassets */ = {isa = PBXFileReference; lastKnownFileType = folder.assetcatalog; path = Images.xcassets; sourceTree = "<group>"; };
		A394EE001AF4E21B00698AC4 /* Base */ = {isa = PBXFileReference; lastKnownFileType = file.xib; name = Base; path = Base.lproj/LaunchScreen.xib; sourceTree = "<group>"; };
		A394EE061AF4E21B00698AC4 /* CatSnapzTests.xctest */ = {isa = PBXFileReference; explicitFileType = wrapper.cfbundle; includeInIndex = 0; path = CatSnapzTests.xctest; sourceTree = BUILT_PRODUCTS_DIR; };
		A394EE0B1AF4E21B00698AC4 /* Info.plist */ = {isa = PBXFileReference; lastKnownFileType = text.plist.xml; path = Info.plist; sourceTree = "<group>"; };
		A394EE0C1AF4E21B00698AC4 /* CatSnapzTests.swift */ = {isa = PBXFileReference; lastKnownFileType = sourcecode.swift; path = CatSnapzTests.swift; sourceTree = "<group>"; };
/* End PBXFileReference section */

/* Begin PBXFrameworksBuildPhase section */
		A394EDEE1AF4E21B00698AC4 /* Frameworks */ = {
			isa = PBXFrameworksBuildPhase;
			buildActionMask = 2147483647;
			files = (
			);
			runOnlyForDeploymentPostprocessing = 0;
		};
		A394EE031AF4E21B00698AC4 /* Frameworks */ = {
			isa = PBXFrameworksBuildPhase;
			buildActionMask = 2147483647;
			files = (
			);
			runOnlyForDeploymentPostprocessing = 0;
		};
/* End PBXFrameworksBuildPhase section */

/* Begin PBXGroup section */
		A394EDE81AF4E21B00698AC4 = {
			isa = PBXGroup;
			children = (
				A394EDF31AF4E21B00698AC4 /* CatSnapz */,
				A394EE091AF4E21B00698AC4 /* CatSnapzTests */,
				A394EDF21AF4E21B00698AC4 /* Products */,
			);
			sourceTree = "<group>";
		};
		A394EDF21AF4E21B00698AC4 /* Products */ = {
			isa = PBXGroup;
			children = (
				A394EDF11AF4E21B00698AC4 /* CatSnapz.app */,
				A394EE061AF4E21B00698AC4 /* CatSnapzTests.xctest */,
			);
			name = Products;
			sourceTree = "<group>";
		};
		A394EDF31AF4E21B00698AC4 /* CatSnapz */ = {
			isa = PBXGroup;
			children = (
				A394EDF61AF4E21B00698AC4 /* AppDelegate.swift */,
				A394EDF81AF4E21B00698AC4 /* ViewController.swift */,
				A394EDFA1AF4E21B00698AC4 /* Main.storyboard */,
				A394EDFD1AF4E21B00698AC4 /* Images.xcassets */,
				A394EDFF1AF4E21B00698AC4 /* LaunchScreen.xib */,
				A394EDF41AF4E21B00698AC4 /* Supporting Files */,
			);
			path = CatSnapz;
			sourceTree = "<group>";
		};
		A394EDF41AF4E21B00698AC4 /* Supporting Files */ = {
			isa = PBXGroup;
			children = (
				A394EDF51AF4E21B00698AC4 /* Info.plist */,
			);
			name = "Supporting Files";
			sourceTree = "<group>";
		};
		A394EE091AF4E21B00698AC4 /* CatSnapzTests */ = {
			isa = PBXGroup;
			children = (
				A394EE0C1AF4E21B00698AC4 /* CatSnapzTests.swift */,
				A394EE0A1AF4E21B00698AC4 /* Supporting Files */,
			);
			path = CatSnapzTests;
			sourceTree = "<group>";
		};
		A394EE0A1AF4E21B00698AC4 /* Supporting Files */ = {
			isa = PBXGroup;
			children = (
				A394EE0B1AF4E21B00698AC4 /* Info.plist */,
			);
			name = "Supporting Files";
			sourceTree = "<group>";
		};
/* End PBXGroup section */

/* Begin PBXNativeTarget section */
		A394EDF01AF4E21B00698AC4 /* CatSnapz */ = {
			isa = PBXNativeTarget;
			buildConfigurationList = A394EE101AF4E21B00698AC4 /* Build configuration list for PBXNativeTarget "CatSnapz" */;
			buildPhases = (
				A394EDED1AF4E21B00698AC4 /* Sources */,
				A394EDEE1AF4E21B00698AC4 /* Frameworks */,
				A394EDEF1AF4E21B00698AC4 /* Resources */,
			);
			buildRules = (
			);
			dependencies = (
			);
			name = CatSnapz;
			productName = CatSnapz;
			productReference = A394EDF11AF4E21B00698AC4 /* CatSnapz.app */;
			productType = "com.apple.product-type.application";
		};
		A394EE051AF4E21B00698AC4 /* CatSnapzTests */ = {
			isa = PBXNativeTarget;
			buildConfigurationList = A394EE131AF4E21B00698AC4 /* Build configuration list for PBXNativeTarget "CatSnapzTests" */;
			buildPhases = (
				A394EE021AF4E21B00698AC4 /* Sources */,
				A394EE031AF4E21B00698AC4 /* Frameworks */,
				A394EE041AF4E21B00698AC4 /* Resources */,
			);
			buildRules = (
			);
			dependencies = (
				A394EE081AF4E21B00698AC4 /* PBXTargetDependency */,
			);
			name = CatSnapzTests;
			productName = CatSnapzTests;
			productReference = A394EE061AF4E21B00698AC4 /* CatSnapzTests.xctest */;
			productType = "com.apple.product-type.bundle.unit-test";
		};
/* End PBXNativeTarget section */

/* Begin PBXProject section */
		A394EDE91AF4E21B00698AC4 /* Project object */ = {
			isa = PBXProject;
			attributes = {
				LastUpgradeCheck = 0630;
				ORGANIZATIONNAME = Payzip;
				TargetAttributes = {
					A394EDF01AF4E21B00698AC4 = {
						CreatedOnToolsVersion = 6.3.1;
					};
					A394EE051AF4E21B00698AC4 = {
						CreatedOnToolsVersion = 6.3.1;
						TestTargetID = A394EDF01AF4E21B00698AC4;
					};
				};
			};
			buildConfigurationList = A394EDEC1AF4E21B00698AC4 /* Build configuration list for PBXProject "CatSnapz" */;
			compatibilityVersion = "Xcode 3.2";
			developmentRegion = English;
			hasScannedForEncodings = 0;
			knownRegions = (
				en,
				Base,
			);
			mainGroup = A394EDE81AF4E21B00698AC4;
			productRefGroup = A394EDF21AF4E21B00698AC4 /* Products */;
			projectDirPath = "";
			projectRoot = "";
			targets = (
				A394EDF01AF4E21B00698AC4 /* CatSnapz */,
				A394EE051AF4E21B00698AC4 /* CatSnapzTests */,
			);
		};
/* End PBXProject section */

/* Begin PBXResourcesBuildPhase section */
		A394EDEF1AF4E21B00698AC4 /* Resources */ = {
			isa = PBXResourcesBuildPhase;
			buildActionMask = 2147483647;
			files = (
				A394EDFC1AF4E21B00698AC4 /* Main.storyboard in Resources */,
				A394EE011AF4E21B00698AC4 /* LaunchScreen.xib in Resources */,
				A394EDFE1AF4E21B00698AC4 /* Images.xcassets in Resources */,
			);
			runOnlyForDeploymentPostprocessing = 0;
		};
		A394EE041AF4E21B00698AC4 /* Resources */ = {
			isa = PBXResourcesBuildPhase;
			buildActionMask = 2147483647;
			files = (
			);
			runOnlyForDeploymentPostprocessing = 0;
		};
/* End PBXResourcesBuildPhase section */

/* Begin PBXSourcesBuildPhase section */
		A394EDED1AF4E21B00698AC4 /* Sources */ = {
			isa = PBXSourcesBuildPhase;
			buildActionMask = 2147483647;
			files = (
				A394EDF91AF4E21B00698AC4 /* ViewController.swift in Sources */,
				A394EDF71AF4E21B00698AC4 /* AppDelegate.swift in Sources */,
			);
			runOnlyForDeploymentPostprocessing = 0;
		};
		A394EE021AF4E21B00698AC4 /* Sources */ = {
			isa = PBXSourcesBuildPhase;
			buildActionMask = 2147483647;
			files = (
				A394EE0D1AF4E21B00698AC4 /* CatSnapzTests.swift in Sources */,
			);
			runOnlyForDeploymentPostprocessing = 0;
		};
/* End PBXSourcesBuildPhase section */

/* Begin PBXTargetDependency section */
		A394EE081AF4E21B00698AC4 /* PBXTargetDependency */ = {
			isa = PBXTargetDependency;
			target = A394EDF01AF4E21B00698AC4 /* CatSnapz */;
			targetProxy = A394EE071AF4E21B00698AC4 /* PBXContainerItemProxy */;
		};
/* End PBXTargetDependency section */

/* Begin PBXVariantGroup section */
		A394EDFA1AF4E21B00698AC4 /* Main.storyboard */ = {
			isa = PBXVariantGroup;
			children = (
				A394EDFB1AF4E21B00698AC4 /* Base */,
			);
			name = Main.storyboard;
			sourceTree = "<group>";
		};
		A394EDFF1AF4E21B00698AC4 /* LaunchScreen.xib */ = {
			isa = PBXVariantGroup;
			children = (
				A394EE001AF4E21B00698AC4 /* Base */,
			);
			name = LaunchScreen.xib;
			sourceTree = "<group>";
		};
/* End PBXVariantGroup section */

/* Begin XCBuildConfiguration section */
		A394EE0E1AF4E21B00698AC4 /* Debug */ = {
			isa = XCBuildConfiguration;
			buildSettings = {
				ALWAYS_SEARCH_USER_PATHS = NO;
				CLANG_CXX_LANGUAGE_STANDARD = "gnu++0x";
				CLANG_CXX_LIBRARY = "libc++";
				CLANG_ENABLE_MODULES = YES;
				CLANG_ENABLE_OBJC_ARC = YES;
				CLANG_WARN_BOOL_CONVERSION = YES;
				CLANG_WARN_CONSTANT_CONVERSION = YES;
				CLANG_WARN_DIRECT_OBJC_ISA_USAGE = YES_ERROR;
				CLANG_WARN_EMPTY_BODY = YES;
				CLANG_WARN_ENUM_CONVERSION = YES;
				CLANG_WARN_INT_CONVERSION = YES;
				CLANG_WARN_OBJC_ROOT_CLASS = YES_ERROR;
				CLANG_WARN_UNREACHABLE_CODE = YES;
				CLANG_WARN__DUPLICATE_METHOD_MATCH = YES;
				"CODE_SIGN_IDENTITY[sdk=iphoneos*]" = "iPhone Developer";
				COPY_PHASE_STRIP = NO;
				DEBUG_INFORMATION_FORMAT = "dwarf-with-dsym";
				ENABLE_STRICT_OBJC_MSGSEND = YES;
				GCC_C_LANGUAGE_STANDARD = gnu99;
				GCC_DYNAMIC_NO_PIC = NO;
				GCC_NO_COMMON_BLOCKS = YES;
				GCC_OPTIMIZATION_LEVEL = 0;
				GCC_PREPROCESSOR_DEFINITIONS = (
					"DEBUG=1",
					"$(inherited)",
				);
				GCC_SYMBOLS_PRIVATE_EXTERN = NO;
				GCC_WARN_64_TO_32_BIT_CONVERSION = YES;
				GCC_WARN_ABOUT_RETURN_TYPE = YES_ERROR;
				GCC_WARN_UNDECLARED_SELECTOR = YES;
				GCC_WARN_UNINITIALIZED_AUTOS = YES_AGGRESSIVE;
				GCC_WARN_UNUSED_FUNCTION = YES;
				GCC_WARN_UNUSED_VARIABLE = YES;
				IPHONEOS_DEPLOYMENT_TARGET = 8.3;
				MTL_ENABLE_DEBUG_INFO = YES;
				ONLY_ACTIVE_ARCH = YES;
				SDKROOT = iphoneos;
				SWIFT_OPTIMIZATION_LEVEL = "-Onone";
				TARGETED_DEVICE_FAMILY = "1,2";
			};
			name = Debug;
		};
		A394EE0F1AF4E21B00698AC4 /* Release */ = {
			isa = XCBuildConfiguration;
			buildSettings = {
				ALWAYS_SEARCH_USER_PATHS = NO;
				CLANG_CXX_LANGUAGE_STANDARD = "gnu++0x";
				CLANG_CXX_LIBRARY = "libc++";
				CLANG_ENABLE_MODULES = YES;
				CLANG_ENABLE_OBJC_ARC = YES;
				CLANG_WARN_BOOL_CONVERSION = YES;
				CLANG_WARN_CONSTANT_CONVERSION = YES;
				CLANG_WARN_DIRECT_OBJC_ISA_USAGE = YES_ERROR;
				CLANG_WARN_EMPTY_BODY = YES;
				CLANG_WARN_ENUM_CONVERSION = YES;
				CLANG_WARN_INT_CONVERSION = YES;
				CLANG_WARN_OBJC_ROOT_CLASS = YES_ERROR;
				CLANG_WARN_UNREACHABLE_CODE = YES;
				CLANG_WARN__DUPLICATE_METHOD_MATCH = YES;
				"CODE_SIGN_IDENTITY[sdk=iphoneos*]" = "iPhone Developer";
				COPY_PHASE_STRIP = NO;
				DEBUG_INFORMATION_FORMAT = "dwarf-with-dsym";
				ENABLE_NS_ASSERTIONS = NO;
				ENABLE_STRICT_OBJC_MSGSEND = YES;
				GCC_C_LANGUAGE_STANDARD = gnu99;
				GCC_NO_COMMON_BLOCKS = YES;
				GCC_WARN_64_TO_32_BIT_CONVERSION = YES;
				GCC_WARN_ABOUT_RETURN_TYPE = YES_ERROR;
				GCC_WARN_UNDECLARED_SELECTOR = YES;
				GCC_WARN_UNINITIALIZED_AUTOS = YES_AGGRESSIVE;
				GCC_WARN_UNUSED_FUNCTION = YES;
				GCC_WARN_UNUSED_VARIABLE = YES;
				IPHONEOS_DEPLOYMENT_TARGET = 8.3;
				MTL_ENABLE_DEBUG_INFO = NO;
				SDKROOT = iphoneos;
				TARGETED_DEVICE_FAMILY = "1,2";
				VALIDATE_PRODUCT = YES;
			};
			name = Release;
		};
		A394EE111AF4E21B00698AC4 /* Debug */ = {
			isa = XCBuildConfiguration;
			buildSettings = {
				ASSETCATALOG_COMPILER_APPICON_NAME = AppIcon;
				INFOPLIST_FILE = CatSnapz/Info.plist;
				LD_RUNPATH_SEARCH_PATHS = "$(inherited) @executable_path/Frameworks";
				PRODUCT_NAME = "$(TARGET_NAME)";
			};
			name = Debug;
		};
		A394EE121AF4E21B00698AC4 /* Release */ = {
			isa = XCBuildConfiguration;
			buildSettings = {
				ASSETCATALOG_COMPILER_APPICON_NAME = AppIcon;
				INFOPLIST_FILE = CatSnapz/Info.plist;
				LD_RUNPATH_SEARCH_PATHS = "$(inherited) @executable_path/Frameworks";
				PRODUCT_NAME = "$(TARGET_NAME)";
			};
			name = Release;
		};
		A394EE141AF4E21B00698AC4 /* Debug */ = {
			isa = XCBuildConfiguration;
			buildSettings = {
				BUNDLE_LOADER = "$(TEST_HOST)";
				FRAMEWORK_SEARCH_PATHS = (
					"$(SDKROOT)/Developer/Library/Frameworks",
					"$(inherited)",
				);
				GCC_PREPROCESSOR_DEFINITIONS = (
					"DEBUG=1",
					"$(inherited)",
				);
				INFOPLIST_FILE = CatSnapzTests/Info.plist;
				LD_RUNPATH_SEARCH_PATHS = "$(inherited) @executable_path/Frameworks @loader_path/Frameworks";
				PRODUCT_NAME = "$(TARGET_NAME)";
				TEST_HOST = "$(BUILT_PRODUCTS_DIR)/CatSnapz.app/CatSnapz";
			};
			name = Debug;
		};
		A394EE151AF4E21B00698AC4 /* Release */ = {
			isa = XCBuildConfiguration;
			buildSettings = {
				BUNDLE_LOADER = "$(TEST_HOST)";
				FRAMEWORK_SEARCH_PATHS = (
					"$(SDKROOT)/Developer/Library/Frameworks",
					"$(inherited)",
				);
				INFOPLIST_FILE = CatSnapzTests/Info.plist;
				LD_RUNPATH_SEARCH_PATHS = "$(inherited) @executable_path/Frameworks @loader_path/Frameworks";
				PRODUCT_NAME = "$(TARGET_NAME)";
				TEST_HOST = "$(BUILT_PRODUCTS_DIR)/CatSnapz.app/CatSnapz";
			};
			name = Release;
		};
/* End XCBuildConfiguration section */

/* Begin XCConfigurationList section */
		A394EDEC1AF4E21B00698AC4 /* Build configuration list for PBXProject "CatSnapz" */ = {
			isa = XCConfigurationList;
			buildConfigurations = (
				A394EE0E1AF4E21B00698AC4 /* Debug */,
				A394EE0F1AF4E21B00698AC4 /* Release */,
			);
			defaultConfigurationIsVisible = 0;
			defaultConfigurationName = Release;
		};
		A394EE101AF4E21B00698AC4 /* Build configuration list for PBXNativeTarget "CatSnapz" */ = {
			isa = XCConfigurationList;
			buildConfigurations = (
				A394EE111AF4E21B00698AC4 /* Debug */,
				A394EE121AF4E21B00698AC4 /* Release */,
			);
			defaultConfigurationIsVisible = 0;
		};
		A394EE131AF4E21B00698AC4 /* Build configuration list for PBXNativeTarget "CatSnapzTests" */ = {
			isa = XCConfigurationList;
			buildConfigurations = (
				A394EE141AF4E21B00698AC4 /* Debug */,
				A394EE151AF4E21B00698AC4 /* Release */,
			);
			defaultConfigurationIsVisible = 0;
		};
/* End XCConfigurationList section */
	};
	rootObject = A394EDE91AF4E21B00698AC4 /* Project object */;
}
